
Microsoft Visual Studio Solution File, Format Version 12.00
# Visual Studio Version 16
VisualStudioVersion = 16.0.31702.278
MinimumVisualStudioVersion = 10.0.40219.1
Project("{FAE04EC0-301F-11D3-BF4B-00C04F79EFBC}") = "CSharpCaliburnMicro", "CSharpCaliburnMicro\CSharpCaliburnMicro.csproj", "{4C852038-0C52-4DE3-8141-ECD32C44C055}"
EndProject
Project("{F184B08F-C81C-45F6-A57F-5ABD9991F28F}") = "VBCaliburnMicro", "VBCaliburnMicro\VBCaliburnMicro.vbproj", "{ACFBFE27-3153-4948-8F24-4DBE1D98FA60}"
EndProject
Global
	GlobalSection(SolutionConfigurationPlatforms) = preSolution
		Debug|Any CPU = Debug|Any CPU
		Release|Any CPU = Release|Any CPU
	EndGlobalSection
	GlobalSection(ProjectConfigurationPlatforms) = postSolution
		{4C852038-0C52-4DE3-8141-ECD32C44C055}.Debug|Any CPU.ActiveCfg = Debug|Any CPU
		{4C852038-0C52-4DE3-8141-ECD32C44C055}.Debug|Any CPU.Build.0 = Debug|Any CPU
		{4C852038-0C52-4DE3-8141-ECD32C44C055}.Release|Any CPU.ActiveCfg = Release|Any CPU
		{4C852038-0C52-4DE3-8141-ECD32C44C055}.Release|Any CPU.Build.0 = Release|Any CPU
		{ACFBFE27-3153-4948-8F24-4DBE1D98FA60}.Debug|Any CPU.ActiveCfg = Debug|Any CPU
		{ACFBFE27-3153-4948-8F24-4DBE1D98FA60}.Debug|Any CPU.Build.0 = Debug|Any CPU
		{ACFBFE27-3153-4948-8F24-4DBE1D98FA60}.Release|Any CPU.ActiveCfg = Release|Any CPU
		{ACFBFE27-3153-4948-8F24-4DBE1D98FA60}.Release|Any CPU.Build.0 = Release|Any CPU
	EndGlobalSection
	GlobalSection(SolutionProperties) = preSolution
		HideSolutionNode = FALSE
	EndGlobalSection
	GlobalSection(ExtensibilityGlobals) = postSolution
		SolutionGuid = {225D9096-A8AB-45BD-BC47-D0947B766A3E}
	EndGlobalSection
EndGlobal
